
Microsoft Visual Studio Solution File, Format Version 12.00
# Visual Studio Version 17
VisualStudioVersion = 17.13.35931.197 d17.13
MinimumVisualStudioVersion = 10.0.40219.1
Project("{FAE04EC0-301F-11D3-BF4B-00C04F79EFBC}") = "Form", "Forms\Form.csproj", "{B618FC77-4065-4BAB-8E1C-9780967E0177}"
EndProject
Project("{2150E333-8FDC-42A3-9474-1A3956D46DE8}") = "Solution Items", "Solution Items", "{8EC462FD-D22E-90A8-E5CE-7E832BA40C5D}"
	ProjectSection(SolutionItems) = preProject
		.gitignore = .gitignore
	EndProjectSection
EndProject
Project("{FAE04EC0-301F-11D3-BF4B-00C04F79EFBC}") = "Data", "Data\Data.csproj", "{A8A68731-00F5-470A-8471-7FF45623E8B0}"
EndProject
Project("{FAE04EC0-301F-11D3-BF4B-00C04F79EFBC}") = "Models", "Models\Models.csproj", "{86C38B1A-E43E-4D7A-84F9-D3896080A3BC}"
EndProject
Global
	GlobalSection(SolutionConfigurationPlatforms) = preSolution
		Debug|Any CPU = Debug|Any CPU
		Release|Any CPU = Release|Any CPU
	EndGlobalSection
	GlobalSection(ProjectConfigurationPlatforms) = postSolution
		{B618FC77-4065-4BAB-8E1C-9780967E0177}.Debug|Any CPU.ActiveCfg = Debug|Any CPU
		{B618FC77-4065-4BAB-8E1C-9780967E0177}.Debug|Any CPU.Build.0 = Debug|Any CPU
		{B618FC77-4065-4BAB-8E1C-9780967E0177}.Release|Any CPU.ActiveCfg = Release|Any CPU
		{B618FC77-4065-4BAB-8E1C-9780967E0177}.Release|Any CPU.Build.0 = Release|Any CPU
		{A8A68731-00F5-470A-8471-7FF45623E8B0}.Debug|Any CPU.ActiveCfg = Debug|Any CPU
		{A8A68731-00F5-470A-8471-7FF45623E8B0}.Debug|Any CPU.Build.0 = Debug|Any CPU
		{A8A68731-00F5-470A-8471-7FF45623E8B0}.Release|Any CPU.ActiveCfg = Release|Any CPU
		{A8A68731-00F5-470A-8471-7FF45623E8B0}.Release|Any CPU.Build.0 = Release|Any CPU
		{86C38B1A-E43E-4D7A-84F9-D3896080A3BC}.Debug|Any CPU.ActiveCfg = Debug|Any CPU
		{86C38B1A-E43E-4D7A-84F9-D3896080A3BC}.Debug|Any CPU.Build.0 = Debug|Any CPU
		{86C38B1A-E43E-4D7A-84F9-D3896080A3BC}.Release|Any CPU.ActiveCfg = Release|Any CPU
		{86C38B1A-E43E-4D7A-84F9-D3896080A3BC}.Release|Any CPU.Build.0 = Release|Any CPU
	EndGlobalSection
	GlobalSection(SolutionProperties) = preSolution
		HideSolutionNode = FALSE
	EndGlobalSection
	GlobalSection(ExtensibilityGlobals) = postSolution
		SolutionGuid = {A38271F5-4800-441D-BEE0-B84D4F5B17D3}
	EndGlobalSection
EndGlobal
